// !$*UTF8*$!
{
	archiveVersion = 1;
	classes = {
	};
	objectVersion = 51;
	objects = {

/* Begin PBXBuildFile section */
		2255366C76EB5202FF01B24E /* Pods_Interview_Houding___GedragTests.framework in Frameworks */ = {isa = PBXBuildFile; fileRef = FC9E9C765C3744D0315D3FCC /* Pods_Interview_Houding___GedragTests.framework */; };
		487184F325C73573006CE646 /* AntwoordenTableViewCell.swift in Sources */ = {isa = PBXBuildFile; fileRef = 487184F225C73573006CE646 /* AntwoordenTableViewCell.swift */; };
		487401FF25B1D3E100424D16 /* InterviewViewController.swift in Sources */ = {isa = PBXBuildFile; fileRef = 487401FE25B1D3E100424D16 /* InterviewViewController.swift */; };
		487815CA2539B82300CB2A4F /* ViewControllerTableViewCell.swift in Sources */ = {isa = PBXBuildFile; fileRef = 487815C92539B82300CB2A4F /* ViewControllerTableViewCell.swift */; };
		487815DE2539B9D100CB2A4F /* InterviewModel.swift in Sources */ = {isa = PBXBuildFile; fileRef = 487815DD2539B9D100CB2A4F /* InterviewModel.swift */; };
		4892F1D82536D887002581FB /* AppDelegate.swift in Sources */ = {isa = PBXBuildFile; fileRef = 4892F1D72536D887002581FB /* AppDelegate.swift */; };
		4892F1DA2536D887002581FB /* SceneDelegate.swift in Sources */ = {isa = PBXBuildFile; fileRef = 4892F1D92536D887002581FB /* SceneDelegate.swift */; };
		4892F1DC2536D887002581FB /* ViewController.swift in Sources */ = {isa = PBXBuildFile; fileRef = 4892F1DB2536D887002581FB /* ViewController.swift */; };
		4892F1DF2536D887002581FB /* Main.storyboard in Resources */ = {isa = PBXBuildFile; fileRef = 4892F1DD2536D887002581FB /* Main.storyboard */; };
		4892F1E12536D888002581FB /* Assets.xcassets in Resources */ = {isa = PBXBuildFile; fileRef = 4892F1E02536D888002581FB /* Assets.xcassets */; };
		4892F1E42536D888002581FB /* LaunchScreen.storyboard in Resources */ = {isa = PBXBuildFile; fileRef = 4892F1E22536D888002581FB /* LaunchScreen.storyboard */; };
		4892F1EF2536D888002581FB /* Interview_Houding___GedragTests.swift in Sources */ = {isa = PBXBuildFile; fileRef = 4892F1EE2536D888002581FB /* Interview_Houding___GedragTests.swift */; };
		4892F1FA2536D888002581FB /* Interview_Houding___GedragUITests.swift in Sources */ = {isa = PBXBuildFile; fileRef = 4892F1F92536D888002581FB /* Interview_Houding___GedragUITests.swift */; };
		48A7767B2559D525001507DD /* VragenTableViewController.swift in Sources */ = {isa = PBXBuildFile; fileRef = 48A7767A2559D525001507DD /* VragenTableViewController.swift */; };
		48A7768A255AC605001507DD /* DataRetrieval.swift in Sources */ = {isa = PBXBuildFile; fileRef = 48A77689255AC605001507DD /* DataRetrieval.swift */; };
		48AC1A2E25CB0985008FE715 /* CustomPageViewController.swift in Sources */ = {isa = PBXBuildFile; fileRef = 48AC1A2D25CB0985008FE715 /* CustomPageViewController.swift */; };
		A21F27B4FBF46DC63A3E2366 /* Pods_Interview_Houding___Gedrag.framework in Frameworks */ = {isa = PBXBuildFile; fileRef = C78B82E9573C237E17563299 /* Pods_Interview_Houding___Gedrag.framework */; };
		C015C0E626064D6500B7A41A /* IntroViewController.swift in Sources */ = {isa = PBXBuildFile; fileRef = C015C0E526064D6500B7A41A /* IntroViewController.swift */; };
		C015C0EB26064DED00B7A41A /* QuestionViewController.swift in Sources */ = {isa = PBXBuildFile; fileRef = C015C0EA26064DED00B7A41A /* QuestionViewController.swift */; };
		C09809BF2606506F009B4F03 /* GoogleService-Info.plist in Resources */ = {isa = PBXBuildFile; fileRef = C09809BE2606506F009B4F03 /* GoogleService-Info.plist */; };
		C09809C426065B52009B4F03 /* QuestionDetailViewController.swift in Sources */ = {isa = PBXBuildFile; fileRef = C09809C326065B52009B4F03 /* QuestionDetailViewController.swift */; };
		C7628F388D9BDA41F2E13E6C /* Pods_Interview_Houding___Gedrag_Interview_Houding___GedragUITests.framework in Frameworks */ = {isa = PBXBuildFile; fileRef = B320960FF45A46DDF9D030B0 /* Pods_Interview_Houding___Gedrag_Interview_Houding___GedragUITests.framework */; };
/* End PBXBuildFile section */

/* Begin PBXContainerItemProxy section */
		4892F1EB2536D888002581FB /* PBXContainerItemProxy */ = {
			isa = PBXContainerItemProxy;
			containerPortal = 4892F1CC2536D886002581FB /* Project object */;
			proxyType = 1;
			remoteGlobalIDString = 4892F1D32536D887002581FB;
			remoteInfo = "Interview Houding & Gedrag";
		};
		4892F1F62536D888002581FB /* PBXContainerItemProxy */ = {
			isa = PBXContainerItemProxy;
			containerPortal = 4892F1CC2536D886002581FB /* Project object */;
			proxyType = 1;
			remoteGlobalIDString = 4892F1D32536D887002581FB;
			remoteInfo = "Interview Houding & Gedrag";
		};
/* End PBXContainerItemProxy section */

/* Begin PBXFileReference section */
		0BB4CE9D4B9C248D7772D2CE /* Pods-Interview Houding & GedragTests.release.xcconfig */ = {isa = PBXFileReference; includeInIndex = 1; lastKnownFileType = text.xcconfig; name = "Pods-Interview Houding & GedragTests.release.xcconfig"; path = "Target Support Files/Pods-Interview Houding & GedragTests/Pods-Interview Houding & GedragTests.release.xcconfig"; sourceTree = "<group>"; };
		2938D406EC4AD92A9F1020FF /* Pods-Interview Houding & Gedrag.release.xcconfig */ = {isa = PBXFileReference; includeInIndex = 1; lastKnownFileType = text.xcconfig; name = "Pods-Interview Houding & Gedrag.release.xcconfig"; path = "Target Support Files/Pods-Interview Houding & Gedrag/Pods-Interview Houding & Gedrag.release.xcconfig"; sourceTree = "<group>"; };
		487184F225C73573006CE646 /* AntwoordenTableViewCell.swift */ = {isa = PBXFileReference; lastKnownFileType = sourcecode.swift; path = AntwoordenTableViewCell.swift; sourceTree = "<group>"; };
		487401FE25B1D3E100424D16 /* InterviewViewController.swift */ = {isa = PBXFileReference; lastKnownFileType = sourcecode.swift; path = InterviewViewController.swift; sourceTree = "<group>"; };
		487815C92539B82300CB2A4F /* ViewControllerTableViewCell.swift */ = {isa = PBXFileReference; lastKnownFileType = sourcecode.swift; path = ViewControllerTableViewCell.swift; sourceTree = "<group>"; };
		487815DD2539B9D100CB2A4F /* InterviewModel.swift */ = {isa = PBXFileReference; lastKnownFileType = sourcecode.swift; path = InterviewModel.swift; sourceTree = "<group>"; };
		4892F1D42536D887002581FB /* Interview Houding & Gedrag.app */ = {isa = PBXFileReference; explicitFileType = wrapper.application; includeInIndex = 0; path = "Interview Houding & Gedrag.app"; sourceTree = BUILT_PRODUCTS_DIR; };
		4892F1D72536D887002581FB /* AppDelegate.swift */ = {isa = PBXFileReference; lastKnownFileType = sourcecode.swift; path = AppDelegate.swift; sourceTree = "<group>"; };
		4892F1D92536D887002581FB /* SceneDelegate.swift */ = {isa = PBXFileReference; lastKnownFileType = sourcecode.swift; path = SceneDelegate.swift; sourceTree = "<group>"; };
		4892F1DB2536D887002581FB /* ViewController.swift */ = {isa = PBXFileReference; lastKnownFileType = sourcecode.swift; path = ViewController.swift; sourceTree = "<group>"; };
		4892F1DE2536D887002581FB /* Base */ = {isa = PBXFileReference; lastKnownFileType = file.storyboard; name = Base; path = Base.lproj/Main.storyboard; sourceTree = "<group>"; };
		4892F1E02536D888002581FB /* Assets.xcassets */ = {isa = PBXFileReference; lastKnownFileType = folder.assetcatalog; path = Assets.xcassets; sourceTree = "<group>"; };
		4892F1E32536D888002581FB /* Base */ = {isa = PBXFileReference; lastKnownFileType = file.storyboard; name = Base; path = Base.lproj/LaunchScreen.storyboard; sourceTree = "<group>"; };
		4892F1E52536D888002581FB /* Info.plist */ = {isa = PBXFileReference; lastKnownFileType = text.plist.xml; path = Info.plist; sourceTree = "<group>"; };
		4892F1EA2536D888002581FB /* Interview Houding & GedragTests.xctest */ = {isa = PBXFileReference; explicitFileType = wrapper.cfbundle; includeInIndex = 0; path = "Interview Houding & GedragTests.xctest"; sourceTree = BUILT_PRODUCTS_DIR; };
		4892F1EE2536D888002581FB /* Interview_Houding___GedragTests.swift */ = {isa = PBXFileReference; lastKnownFileType = sourcecode.swift; path = "Interview_Houding___GedragTests.swift"; sourceTree = "<group>"; };
		4892F1F02536D888002581FB /* Info.plist */ = {isa = PBXFileReference; lastKnownFileType = text.plist.xml; path = Info.plist; sourceTree = "<group>"; };
		4892F1F52536D888002581FB /* Interview Houding & GedragUITests.xctest */ = {isa = PBXFileReference; explicitFileType = wrapper.cfbundle; includeInIndex = 0; path = "Interview Houding & GedragUITests.xctest"; sourceTree = BUILT_PRODUCTS_DIR; };
		4892F1F92536D888002581FB /* Interview_Houding___GedragUITests.swift */ = {isa = PBXFileReference; lastKnownFileType = sourcecode.swift; path = "Interview_Houding___GedragUITests.swift"; sourceTree = "<group>"; };
		4892F1FB2536D888002581FB /* Info.plist */ = {isa = PBXFileReference; lastKnownFileType = text.plist.xml; path = Info.plist; sourceTree = "<group>"; };
		48A7767A2559D525001507DD /* VragenTableViewController.swift */ = {isa = PBXFileReference; lastKnownFileType = sourcecode.swift; path = VragenTableViewController.swift; sourceTree = "<group>"; };
		48A77689255AC605001507DD /* DataRetrieval.swift */ = {isa = PBXFileReference; lastKnownFileType = sourcecode.swift; path = DataRetrieval.swift; sourceTree = "<group>"; };
		48AC1A2D25CB0985008FE715 /* CustomPageViewController.swift */ = {isa = PBXFileReference; lastKnownFileType = sourcecode.swift; path = CustomPageViewController.swift; sourceTree = "<group>"; };
		6DB9C51258B79A8F5731D5E3 /* Pods-Interview Houding & Gedrag-Interview Houding & GedragUITests.release.xcconfig */ = {isa = PBXFileReference; includeInIndex = 1; lastKnownFileType = text.xcconfig; name = "Pods-Interview Houding & Gedrag-Interview Houding & GedragUITests.release.xcconfig"; path = "Target Support Files/Pods-Interview Houding & Gedrag-Interview Houding & GedragUITests/Pods-Interview Houding & Gedrag-Interview Houding & GedragUITests.release.xcconfig"; sourceTree = "<group>"; };
		AA995068EC98031FA7A61C6E /* Pods-Interview Houding & Gedrag.debug.xcconfig */ = {isa = PBXFileReference; includeInIndex = 1; lastKnownFileType = text.xcconfig; name = "Pods-Interview Houding & Gedrag.debug.xcconfig"; path = "Target Support Files/Pods-Interview Houding & Gedrag/Pods-Interview Houding & Gedrag.debug.xcconfig"; sourceTree = "<group>"; };
		B320960FF45A46DDF9D030B0 /* Pods_Interview_Houding___Gedrag_Interview_Houding___GedragUITests.framework */ = {isa = PBXFileReference; explicitFileType = wrapper.framework; includeInIndex = 0; path = "Pods_Interview_Houding___Gedrag_Interview_Houding___GedragUITests.framework"; sourceTree = BUILT_PRODUCTS_DIR; };
		C015C0E526064D6500B7A41A /* IntroViewController.swift */ = {isa = PBXFileReference; lastKnownFileType = sourcecode.swift; path = IntroViewController.swift; sourceTree = "<group>"; };
		C015C0EA26064DED00B7A41A /* QuestionViewController.swift */ = {isa = PBXFileReference; lastKnownFileType = sourcecode.swift; path = QuestionViewController.swift; sourceTree = "<group>"; };
		C09809BE2606506F009B4F03 /* GoogleService-Info.plist */ = {isa = PBXFileReference; fileEncoding = 4; lastKnownFileType = text.plist.xml; path = "GoogleService-Info.plist"; sourceTree = "<group>"; };
		C09809C326065B52009B4F03 /* QuestionDetailViewController.swift */ = {isa = PBXFileReference; lastKnownFileType = sourcecode.swift; path = QuestionDetailViewController.swift; sourceTree = "<group>"; };
		C78B82E9573C237E17563299 /* Pods_Interview_Houding___Gedrag.framework */ = {isa = PBXFileReference; explicitFileType = wrapper.framework; includeInIndex = 0; path = "Pods_Interview_Houding___Gedrag.framework"; sourceTree = BUILT_PRODUCTS_DIR; };
		DAAF9901CB0B4B542FB4AB9A /* Pods-Interview Houding & GedragTests.debug.xcconfig */ = {isa = PBXFileReference; includeInIndex = 1; lastKnownFileType = text.xcconfig; name = "Pods-Interview Houding & GedragTests.debug.xcconfig"; path = "Target Support Files/Pods-Interview Houding & GedragTests/Pods-Interview Houding & GedragTests.debug.xcconfig"; sourceTree = "<group>"; };
		E27CC1430DA0204F5215ABB0 /* Pods-Interview Houding & Gedrag-Interview Houding & GedragUITests.debug.xcconfig */ = {isa = PBXFileReference; includeInIndex = 1; lastKnownFileType = text.xcconfig; name = "Pods-Interview Houding & Gedrag-Interview Houding & GedragUITests.debug.xcconfig"; path = "Target Support Files/Pods-Interview Houding & Gedrag-Interview Houding & GedragUITests/Pods-Interview Houding & Gedrag-Interview Houding & GedragUITests.debug.xcconfig"; sourceTree = "<group>"; };
		FC9E9C765C3744D0315D3FCC /* Pods_Interview_Houding___GedragTests.framework */ = {isa = PBXFileReference; explicitFileType = wrapper.framework; includeInIndex = 0; path = "Pods_Interview_Houding___GedragTests.framework"; sourceTree = BUILT_PRODUCTS_DIR; };
/* End PBXFileReference section */

/* Begin PBXFrameworksBuildPhase section */
		4892F1D12536D887002581FB /* Frameworks */ = {
			isa = PBXFrameworksBuildPhase;
			buildActionMask = 2147483647;
			files = (
				A21F27B4FBF46DC63A3E2366 /* Pods_Interview_Houding___Gedrag.framework in Frameworks */,
			);
			runOnlyForDeploymentPostprocessing = 0;
		};
		4892F1E72536D888002581FB /* Frameworks */ = {
			isa = PBXFrameworksBuildPhase;
			buildActionMask = 2147483647;
			files = (
				2255366C76EB5202FF01B24E /* Pods_Interview_Houding___GedragTests.framework in Frameworks */,
			);
			runOnlyForDeploymentPostprocessing = 0;
		};
		4892F1F22536D888002581FB /* Frameworks */ = {
			isa = PBXFrameworksBuildPhase;
			buildActionMask = 2147483647;
			files = (
				C7628F388D9BDA41F2E13E6C /* Pods_Interview_Houding___Gedrag_Interview_Houding___GedragUITests.framework in Frameworks */,
			);
			runOnlyForDeploymentPostprocessing = 0;
		};
/* End PBXFrameworksBuildPhase section */

/* Begin PBXGroup section */
		359AADD6F95071708A754B6C /* Frameworks */ = {
			isa = PBXGroup;
			children = (
				C78B82E9573C237E17563299 /* Pods_Interview_Houding___Gedrag.framework */,
				B320960FF45A46DDF9D030B0 /* Pods_Interview_Houding___Gedrag_Interview_Houding___GedragUITests.framework */,
				FC9E9C765C3744D0315D3FCC /* Pods_Interview_Houding___GedragTests.framework */,
			);
			name = Frameworks;
			sourceTree = "<group>";
		};
		487184ED25C734E1006CE646 /* ViewControllers */ = {
			isa = PBXGroup;
			children = (
				4892F1DB2536D887002581FB /* ViewController.swift */,
				487401FE25B1D3E100424D16 /* InterviewViewController.swift */,
				48A7767A2559D525001507DD /* VragenTableViewController.swift */,
				487184EE25C73521006CE646 /* Views */,
				C015C0E526064D6500B7A41A /* IntroViewController.swift */,
				C015C0EA26064DED00B7A41A /* QuestionViewController.swift */,
				C09809C326065B52009B4F03 /* QuestionDetailViewController.swift */,
			);
			path = ViewControllers;
			sourceTree = "<group>";
		};
		487184EE25C73521006CE646 /* Views */ = {
			isa = PBXGroup;
			children = (
				4892F1DD2536D887002581FB /* Main.storyboard */,
				487184F225C73573006CE646 /* AntwoordenTableViewCell.swift */,
			);
			path = Views;
			sourceTree = "<group>";
		};
		4892F1CB2536D886002581FB = {
			isa = PBXGroup;
			children = (
				4892F1D62536D887002581FB /* Interview Houding & Gedrag */,
				4892F1ED2536D888002581FB /* Interview Houding & GedragTests */,
				4892F1F82536D888002581FB /* Interview Houding & GedragUITests */,
				4892F1D52536D887002581FB /* Products */,
				AAAB24AD9EC5D9A1EFB18001 /* Pods */,
				359AADD6F95071708A754B6C /* Frameworks */,
			);
			sourceTree = "<group>";
		};
		4892F1D52536D887002581FB /* Products */ = {
			isa = PBXGroup;
			children = (
				4892F1D42536D887002581FB /* Interview Houding & Gedrag.app */,
				4892F1EA2536D888002581FB /* Interview Houding & GedragTests.xctest */,
				4892F1F52536D888002581FB /* Interview Houding & GedragUITests.xctest */,
			);
			name = Products;
			sourceTree = "<group>";
		};
		4892F1D62536D887002581FB /* Interview Houding & Gedrag */ = {
			isa = PBXGroup;
			children = (
				48A7767925597EAE001507DD /* Model */,
				4892F1D72536D887002581FB /* AppDelegate.swift */,
				4892F1D92536D887002581FB /* SceneDelegate.swift */,
				487184ED25C734E1006CE646 /* ViewControllers */,
				4892F1E02536D888002581FB /* Assets.xcassets */,
				4892F1E22536D888002581FB /* LaunchScreen.storyboard */,
				4892F1E52536D888002581FB /* Info.plist */,
				C09809BE2606506F009B4F03 /* GoogleService-Info.plist */,
				487815C92539B82300CB2A4F /* ViewControllerTableViewCell.swift */,
				48AC1A2D25CB0985008FE715 /* CustomPageViewController.swift */,
			);
			path = "Interview Houding & Gedrag";
			sourceTree = "<group>";
		};
		4892F1ED2536D888002581FB /* Interview Houding & GedragTests */ = {
			isa = PBXGroup;
			children = (
				4892F1EE2536D888002581FB /* Interview_Houding___GedragTests.swift */,
				4892F1F02536D888002581FB /* Info.plist */,
			);
			path = "Interview Houding & GedragTests";
			sourceTree = "<group>";
		};
		4892F1F82536D888002581FB /* Interview Houding & GedragUITests */ = {
			isa = PBXGroup;
			children = (
				4892F1F92536D888002581FB /* Interview_Houding___GedragUITests.swift */,
				4892F1FB2536D888002581FB /* Info.plist */,
			);
			path = "Interview Houding & GedragUITests";
			sourceTree = "<group>";
		};
		48A7767925597EAE001507DD /* Model */ = {
			isa = PBXGroup;
			children = (
				487815DD2539B9D100CB2A4F /* InterviewModel.swift */,
				48A77689255AC605001507DD /* DataRetrieval.swift */,
			);
			path = Model;
			sourceTree = "<group>";
		};
		AAAB24AD9EC5D9A1EFB18001 /* Pods */ = {
			isa = PBXGroup;
			children = (
				AA995068EC98031FA7A61C6E /* Pods-Interview Houding & Gedrag.debug.xcconfig */,
				2938D406EC4AD92A9F1020FF /* Pods-Interview Houding & Gedrag.release.xcconfig */,
				E27CC1430DA0204F5215ABB0 /* Pods-Interview Houding & Gedrag-Interview Houding & GedragUITests.debug.xcconfig */,
				6DB9C51258B79A8F5731D5E3 /* Pods-Interview Houding & Gedrag-Interview Houding & GedragUITests.release.xcconfig */,
				DAAF9901CB0B4B542FB4AB9A /* Pods-Interview Houding & GedragTests.debug.xcconfig */,
				0BB4CE9D4B9C248D7772D2CE /* Pods-Interview Houding & GedragTests.release.xcconfig */,
			);
			path = Pods;
			sourceTree = "<group>";
		};
/* End PBXGroup section */

/* Begin PBXNativeTarget section */
		4892F1D32536D887002581FB /* Interview Houding & Gedrag */ = {
			isa = PBXNativeTarget;
			buildConfigurationList = 4892F1FE2536D888002581FB /* Build configuration list for PBXNativeTarget "Interview Houding & Gedrag" */;
			buildPhases = (
				64F09564B98831B5A89D26F4 /* [CP] Check Pods Manifest.lock */,
				4892F1D02536D887002581FB /* Sources */,
				4892F1D12536D887002581FB /* Frameworks */,
				4892F1D22536D887002581FB /* Resources */,
				70735A349100A216326BA1A5 /* [CP] Embed Pods Frameworks */,
				5692F48600048B0859BD78E4 /* [CP] Copy Pods Resources */,
			);
			buildRules = (
			);
			dependencies = (
			);
			name = "Interview Houding & Gedrag";
			productName = "Interview Houding & Gedrag";
			productReference = 4892F1D42536D887002581FB /* Interview Houding & Gedrag.app */;
			productType = "com.apple.product-type.application";
		};
		4892F1E92536D888002581FB /* Interview Houding & GedragTests */ = {
			isa = PBXNativeTarget;
			buildConfigurationList = 4892F2012536D888002581FB /* Build configuration list for PBXNativeTarget "Interview Houding & GedragTests" */;
			buildPhases = (
				8D92BCEAA4E5F875D45003D8 /* [CP] Check Pods Manifest.lock */,
				4892F1E62536D888002581FB /* Sources */,
				4892F1E72536D888002581FB /* Frameworks */,
				4892F1E82536D888002581FB /* Resources */,
			);
			buildRules = (
			);
			dependencies = (
				4892F1EC2536D888002581FB /* PBXTargetDependency */,
			);
			name = "Interview Houding & GedragTests";
			productName = "Interview Houding & GedragTests";
			productReference = 4892F1EA2536D888002581FB /* Interview Houding & GedragTests.xctest */;
			productType = "com.apple.product-type.bundle.unit-test";
		};
		4892F1F42536D888002581FB /* Interview Houding & GedragUITests */ = {
			isa = PBXNativeTarget;
			buildConfigurationList = 4892F2042536D888002581FB /* Build configuration list for PBXNativeTarget "Interview Houding & GedragUITests" */;
			buildPhases = (
				A1FDCAEE68CF2183BE779478 /* [CP] Check Pods Manifest.lock */,
				4892F1F12536D888002581FB /* Sources */,
				4892F1F22536D888002581FB /* Frameworks */,
				4892F1F32536D888002581FB /* Resources */,
				C407FC41897931ACDF8FBE41 /* [CP] Embed Pods Frameworks */,
				5963824E30C803A894421CA2 /* [CP] Copy Pods Resources */,
			);
			buildRules = (
			);
			dependencies = (
				4892F1F72536D888002581FB /* PBXTargetDependency */,
			);
			name = "Interview Houding & GedragUITests";
			productName = "Interview Houding & GedragUITests";
			productReference = 4892F1F52536D888002581FB /* Interview Houding & GedragUITests.xctest */;
			productType = "com.apple.product-type.bundle.ui-testing";
		};
/* End PBXNativeTarget section */

/* Begin PBXProject section */
		4892F1CC2536D886002581FB /* Project object */ = {
			isa = PBXProject;
			attributes = {
				LastSwiftUpdateCheck = 1200;
				LastUpgradeCheck = 1200;
				TargetAttributes = {
					4892F1D32536D887002581FB = {
						CreatedOnToolsVersion = 12.0.1;
					};
					4892F1E92536D888002581FB = {
						CreatedOnToolsVersion = 12.0.1;
						TestTargetID = 4892F1D32536D887002581FB;
					};
					4892F1F42536D888002581FB = {
						CreatedOnToolsVersion = 12.0.1;
						TestTargetID = 4892F1D32536D887002581FB;
					};
				};
			};
			buildConfigurationList = 4892F1CF2536D886002581FB /* Build configuration list for PBXProject "Interview Houding & Gedrag" */;
			compatibilityVersion = "Xcode 9.3";
			developmentRegion = en;
			hasScannedForEncodings = 0;
			knownRegions = (
				en,
				Base,
			);
			mainGroup = 4892F1CB2536D886002581FB;
			productRefGroup = 4892F1D52536D887002581FB /* Products */;
			projectDirPath = "";
			projectRoot = "";
			targets = (
				4892F1D32536D887002581FB /* Interview Houding & Gedrag */,
				4892F1E92536D888002581FB /* Interview Houding & GedragTests */,
				4892F1F42536D888002581FB /* Interview Houding & GedragUITests */,
			);
		};
/* End PBXProject section */

/* Begin PBXResourcesBuildPhase section */
		4892F1D22536D887002581FB /* Resources */ = {
			isa = PBXResourcesBuildPhase;
			buildActionMask = 2147483647;
			files = (
				4892F1E42536D888002581FB /* LaunchScreen.storyboard in Resources */,
				C09809BF2606506F009B4F03 /* GoogleService-Info.plist in Resources */,
				4892F1E12536D888002581FB /* Assets.xcassets in Resources */,
				4892F1DF2536D887002581FB /* Main.storyboard in Resources */,
			);
			runOnlyForDeploymentPostprocessing = 0;
		};
		4892F1E82536D888002581FB /* Resources */ = {
			isa = PBXResourcesBuildPhase;
			buildActionMask = 2147483647;
			files = (
			);
			runOnlyForDeploymentPostprocessing = 0;
		};
		4892F1F32536D888002581FB /* Resources */ = {
			isa = PBXResourcesBuildPhase;
			buildActionMask = 2147483647;
			files = (
			);
			runOnlyForDeploymentPostprocessing = 0;
		};
/* End PBXResourcesBuildPhase section */

/* Begin PBXShellScriptBuildPhase section */
		5692F48600048B0859BD78E4 /* [CP] Copy Pods Resources */ = {
			isa = PBXShellScriptBuildPhase;
			buildActionMask = 2147483647;
			files = (
			);
			inputFileListPaths = (
				"${PODS_ROOT}/Target Support Files/Pods-Interview Houding & Gedrag/Pods-Interview Houding & Gedrag-resources-${CONFIGURATION}-input-files.xcfilelist",
			);
			name = "[CP] Copy Pods Resources";
			outputFileListPaths = (
				"${PODS_ROOT}/Target Support Files/Pods-Interview Houding & Gedrag/Pods-Interview Houding & Gedrag-resources-${CONFIGURATION}-output-files.xcfilelist",
			);
			runOnlyForDeploymentPostprocessing = 0;
			shellPath = /bin/sh;
			shellScript = "\"${PODS_ROOT}/Target Support Files/Pods-Interview Houding & Gedrag/Pods-Interview Houding & Gedrag-resources.sh\"\n";
			showEnvVarsInLog = 0;
		};
		5963824E30C803A894421CA2 /* [CP] Copy Pods Resources */ = {
			isa = PBXShellScriptBuildPhase;
			buildActionMask = 2147483647;
			files = (
			);
			inputFileListPaths = (
				"${PODS_ROOT}/Target Support Files/Pods-Interview Houding & Gedrag-Interview Houding & GedragUITests/Pods-Interview Houding & Gedrag-Interview Houding & GedragUITests-resources-${CONFIGURATION}-input-files.xcfilelist",
			);
			name = "[CP] Copy Pods Resources";
			outputFileListPaths = (
				"${PODS_ROOT}/Target Support Files/Pods-Interview Houding & Gedrag-Interview Houding & GedragUITests/Pods-Interview Houding & Gedrag-Interview Houding & GedragUITests-resources-${CONFIGURATION}-output-files.xcfilelist",
			);
			runOnlyForDeploymentPostprocessing = 0;
			shellPath = /bin/sh;
			shellScript = "\"${PODS_ROOT}/Target Support Files/Pods-Interview Houding & Gedrag-Interview Houding & GedragUITests/Pods-Interview Houding & Gedrag-Interview Houding & GedragUITests-resources.sh\"\n";
			showEnvVarsInLog = 0;
		};
		64F09564B98831B5A89D26F4 /* [CP] Check Pods Manifest.lock */ = {
			isa = PBXShellScriptBuildPhase;
			buildActionMask = 2147483647;
			files = (
			);
			inputFileListPaths = (
			);
			inputPaths = (
				"${PODS_PODFILE_DIR_PATH}/Podfile.lock",
				"${PODS_ROOT}/Manifest.lock",
			);
			name = "[CP] Check Pods Manifest.lock";
			outputFileListPaths = (
			);
			outputPaths = (
				"$(DERIVED_FILE_DIR)/Pods-Interview Houding & Gedrag-checkManifestLockResult.txt",
			);
			runOnlyForDeploymentPostprocessing = 0;
			shellPath = /bin/sh;
			shellScript = "diff \"${PODS_PODFILE_DIR_PATH}/Podfile.lock\" \"${PODS_ROOT}/Manifest.lock\" > /dev/null\nif [ $? != 0 ] ; then\n    # print error to STDERR\n    echo \"error: The sandbox is not in sync with the Podfile.lock. Run 'pod install' or update your CocoaPods installation.\" >&2\n    exit 1\nfi\n# This output is used by Xcode 'outputs' to avoid re-running this script phase.\necho \"SUCCESS\" > \"${SCRIPT_OUTPUT_FILE_0}\"\n";
			showEnvVarsInLog = 0;
		};
		70735A349100A216326BA1A5 /* [CP] Embed Pods Frameworks */ = {
			isa = PBXShellScriptBuildPhase;
			buildActionMask = 2147483647;
			files = (
			);
			inputFileListPaths = (
				"${PODS_ROOT}/Target Support Files/Pods-Interview Houding & Gedrag/Pods-Interview Houding & Gedrag-frameworks-${CONFIGURATION}-input-files.xcfilelist",
			);
			name = "[CP] Embed Pods Frameworks";
			outputFileListPaths = (
				"${PODS_ROOT}/Target Support Files/Pods-Interview Houding & Gedrag/Pods-Interview Houding & Gedrag-frameworks-${CONFIGURATION}-output-files.xcfilelist",
			);
			runOnlyForDeploymentPostprocessing = 0;
			shellPath = /bin/sh;
			shellScript = "\"${PODS_ROOT}/Target Support Files/Pods-Interview Houding & Gedrag/Pods-Interview Houding & Gedrag-frameworks.sh\"\n";
			showEnvVarsInLog = 0;
		};
		8D92BCEAA4E5F875D45003D8 /* [CP] Check Pods Manifest.lock */ = {
			isa = PBXShellScriptBuildPhase;
			buildActionMask = 2147483647;
			files = (
			);
			inputFileListPaths = (
			);
			inputPaths = (
				"${PODS_PODFILE_DIR_PATH}/Podfile.lock",
				"${PODS_ROOT}/Manifest.lock",
			);
			name = "[CP] Check Pods Manifest.lock";
			outputFileListPaths = (
			);
			outputPaths = (
				"$(DERIVED_FILE_DIR)/Pods-Interview Houding & GedragTests-checkManifestLockResult.txt",
			);
			runOnlyForDeploymentPostprocessing = 0;
			shellPath = /bin/sh;
			shellScript = "diff \"${PODS_PODFILE_DIR_PATH}/Podfile.lock\" \"${PODS_ROOT}/Manifest.lock\" > /dev/null\nif [ $? != 0 ] ; then\n    # print error to STDERR\n    echo \"error: The sandbox is not in sync with the Podfile.lock. Run 'pod install' or update your CocoaPods installation.\" >&2\n    exit 1\nfi\n# This output is used by Xcode 'outputs' to avoid re-running this script phase.\necho \"SUCCESS\" > \"${SCRIPT_OUTPUT_FILE_0}\"\n";
			showEnvVarsInLog = 0;
		};
		A1FDCAEE68CF2183BE779478 /* [CP] Check Pods Manifest.lock */ = {
			isa = PBXShellScriptBuildPhase;
			buildActionMask = 2147483647;
			files = (
			);
			inputFileListPaths = (
			);
			inputPaths = (
				"${PODS_PODFILE_DIR_PATH}/Podfile.lock",
				"${PODS_ROOT}/Manifest.lock",
			);
			name = "[CP] Check Pods Manifest.lock";
			outputFileListPaths = (
			);
			outputPaths = (
				"$(DERIVED_FILE_DIR)/Pods-Interview Houding & Gedrag-Interview Houding & GedragUITests-checkManifestLockResult.txt",
			);
			runOnlyForDeploymentPostprocessing = 0;
			shellPath = /bin/sh;
			shellScript = "diff \"${PODS_PODFILE_DIR_PATH}/Podfile.lock\" \"${PODS_ROOT}/Manifest.lock\" > /dev/null\nif [ $? != 0 ] ; then\n    # print error to STDERR\n    echo \"error: The sandbox is not in sync with the Podfile.lock. Run 'pod install' or update your CocoaPods installation.\" >&2\n    exit 1\nfi\n# This output is used by Xcode 'outputs' to avoid re-running this script phase.\necho \"SUCCESS\" > \"${SCRIPT_OUTPUT_FILE_0}\"\n";
			showEnvVarsInLog = 0;
		};
		C407FC41897931ACDF8FBE41 /* [CP] Embed Pods Frameworks */ = {
			isa = PBXShellScriptBuildPhase;
			buildActionMask = 2147483647;
			files = (
			);
			inputFileListPaths = (
				"${PODS_ROOT}/Target Support Files/Pods-Interview Houding & Gedrag-Interview Houding & GedragUITests/Pods-Interview Houding & Gedrag-Interview Houding & GedragUITests-frameworks-${CONFIGURATION}-input-files.xcfilelist",
			);
			name = "[CP] Embed Pods Frameworks";
			outputFileListPaths = (
				"${PODS_ROOT}/Target Support Files/Pods-Interview Houding & Gedrag-Interview Houding & GedragUITests/Pods-Interview Houding & Gedrag-Interview Houding & GedragUITests-frameworks-${CONFIGURATION}-output-files.xcfilelist",
			);
			runOnlyForDeploymentPostprocessing = 0;
			shellPath = /bin/sh;
			shellScript = "\"${PODS_ROOT}/Target Support Files/Pods-Interview Houding & Gedrag-Interview Houding & GedragUITests/Pods-Interview Houding & Gedrag-Interview Houding & GedragUITests-frameworks.sh\"\n";
			showEnvVarsInLog = 0;
		};
/* End PBXShellScriptBuildPhase section */

/* Begin PBXSourcesBuildPhase section */
		4892F1D02536D887002581FB /* Sources */ = {
			isa = PBXSourcesBuildPhase;
			buildActionMask = 2147483647;
			files = (
				487184F325C73573006CE646 /* AntwoordenTableViewCell.swift in Sources */,
				4892F1DC2536D887002581FB /* ViewController.swift in Sources */,
				C015C0EB26064DED00B7A41A /* QuestionViewController.swift in Sources */,
				C09809C426065B52009B4F03 /* QuestionDetailViewController.swift in Sources */,
				4892F1D82536D887002581FB /* AppDelegate.swift in Sources */,
				48A7767B2559D525001507DD /* VragenTableViewController.swift in Sources */,
				487815CA2539B82300CB2A4F /* ViewControllerTableViewCell.swift in Sources */,
				487401FF25B1D3E100424D16 /* InterviewViewController.swift in Sources */,
				48A7768A255AC605001507DD /* DataRetrieval.swift in Sources */,
				4892F1DA2536D887002581FB /* SceneDelegate.swift in Sources */,
				C015C0E626064D6500B7A41A /* IntroViewController.swift in Sources */,
				48AC1A2E25CB0985008FE715 /* CustomPageViewController.swift in Sources */,
				487815DE2539B9D100CB2A4F /* InterviewModel.swift in Sources */,
			);
			runOnlyForDeploymentPostprocessing = 0;
		};
		4892F1E62536D888002581FB /* Sources */ = {
			isa = PBXSourcesBuildPhase;
			buildActionMask = 2147483647;
			files = (
				4892F1EF2536D888002581FB /* Interview_Houding___GedragTests.swift in Sources */,
			);
			runOnlyForDeploymentPostprocessing = 0;
		};
		4892F1F12536D888002581FB /* Sources */ = {
			isa = PBXSourcesBuildPhase;
			buildActionMask = 2147483647;
			files = (
				4892F1FA2536D888002581FB /* Interview_Houding___GedragUITests.swift in Sources */,
			);
			runOnlyForDeploymentPostprocessing = 0;
		};
/* End PBXSourcesBuildPhase section */

/* Begin PBXTargetDependency section */
		4892F1EC2536D888002581FB /* PBXTargetDependency */ = {
			isa = PBXTargetDependency;
			target = 4892F1D32536D887002581FB /* Interview Houding & Gedrag */;
			targetProxy = 4892F1EB2536D888002581FB /* PBXContainerItemProxy */;
		};
		4892F1F72536D888002581FB /* PBXTargetDependency */ = {
			isa = PBXTargetDependency;
			target = 4892F1D32536D887002581FB /* Interview Houding & Gedrag */;
			targetProxy = 4892F1F62536D888002581FB /* PBXContainerItemProxy */;
		};
/* End PBXTargetDependency section */

/* Begin PBXVariantGroup section */
		4892F1DD2536D887002581FB /* Main.storyboard */ = {
			isa = PBXVariantGroup;
			children = (
				4892F1DE2536D887002581FB /* Base */,
			);
			name = Main.storyboard;
			sourceTree = "<group>";
		};
		4892F1E22536D888002581FB /* LaunchScreen.storyboard */ = {
			isa = PBXVariantGroup;
			children = (
				4892F1E32536D888002581FB /* Base */,
			);
			name = LaunchScreen.storyboard;
			sourceTree = "<group>";
		};
/* End PBXVariantGroup section */

/* Begin XCBuildConfiguration section */
		4892F1FC2536D888002581FB /* Debug */ = {
			isa = XCBuildConfiguration;
			buildSettings = {
				ALWAYS_SEARCH_USER_PATHS = NO;
				CLANG_ANALYZER_NONNULL = YES;
				CLANG_ANALYZER_NUMBER_OBJECT_CONVERSION = YES_AGGRESSIVE;
				CLANG_CXX_LANGUAGE_STANDARD = "gnu++14";
				CLANG_CXX_LIBRARY = "libc++";
				CLANG_ENABLE_MODULES = YES;
				CLANG_ENABLE_OBJC_ARC = YES;
				CLANG_ENABLE_OBJC_WEAK = YES;
				CLANG_WARN_BLOCK_CAPTURE_AUTORELEASING = YES;
				CLANG_WARN_BOOL_CONVERSION = YES;
				CLANG_WARN_COMMA = YES;
				CLANG_WARN_CONSTANT_CONVERSION = YES;
				CLANG_WARN_DEPRECATED_OBJC_IMPLEMENTATIONS = YES;
				CLANG_WARN_DIRECT_OBJC_ISA_USAGE = YES_ERROR;
				CLANG_WARN_DOCUMENTATION_COMMENTS = YES;
				CLANG_WARN_EMPTY_BODY = YES;
				CLANG_WARN_ENUM_CONVERSION = YES;
				CLANG_WARN_INFINITE_RECURSION = YES;
				CLANG_WARN_INT_CONVERSION = YES;
				CLANG_WARN_NON_LITERAL_NULL_CONVERSION = YES;
				CLANG_WARN_OBJC_IMPLICIT_RETAIN_SELF = YES;
				CLANG_WARN_OBJC_LITERAL_CONVERSION = YES;
				CLANG_WARN_OBJC_ROOT_CLASS = YES_ERROR;
				CLANG_WARN_QUOTED_INCLUDE_IN_FRAMEWORK_HEADER = YES;
				CLANG_WARN_RANGE_LOOP_ANALYSIS = YES;
				CLANG_WARN_STRICT_PROTOTYPES = YES;
				CLANG_WARN_SUSPICIOUS_MOVE = YES;
				CLANG_WARN_UNGUARDED_AVAILABILITY = YES_AGGRESSIVE;
				CLANG_WARN_UNREACHABLE_CODE = YES;
				CLANG_WARN__DUPLICATE_METHOD_MATCH = YES;
				COPY_PHASE_STRIP = NO;
				DEBUG_INFORMATION_FORMAT = dwarf;
				ENABLE_STRICT_OBJC_MSGSEND = YES;
				ENABLE_TESTABILITY = YES;
				GCC_C_LANGUAGE_STANDARD = gnu11;
				GCC_DYNAMIC_NO_PIC = NO;
				GCC_NO_COMMON_BLOCKS = YES;
				GCC_OPTIMIZATION_LEVEL = 0;
				GCC_PREPROCESSOR_DEFINITIONS = (
					"DEBUG=1",
					"$(inherited)",
				);
				GCC_WARN_64_TO_32_BIT_CONVERSION = YES;
				GCC_WARN_ABOUT_RETURN_TYPE = YES_ERROR;
				GCC_WARN_UNDECLARED_SELECTOR = YES;
				GCC_WARN_UNINITIALIZED_AUTOS = YES_AGGRESSIVE;
				GCC_WARN_UNUSED_FUNCTION = YES;
				GCC_WARN_UNUSED_VARIABLE = YES;
				IPHONEOS_DEPLOYMENT_TARGET = 14.0;
				MTL_ENABLE_DEBUG_INFO = INCLUDE_SOURCE;
				MTL_FAST_MATH = YES;
				ONLY_ACTIVE_ARCH = YES;
				SDKROOT = iphoneos;
				SWIFT_ACTIVE_COMPILATION_CONDITIONS = DEBUG;
				SWIFT_OPTIMIZATION_LEVEL = "-Onone";
			};
			name = Debug;
		};
		4892F1FD2536D888002581FB /* Release */ = {
			isa = XCBuildConfiguration;
			buildSettings = {
				ALWAYS_SEARCH_USER_PATHS = NO;
				CLANG_ANALYZER_NONNULL = YES;
				CLANG_ANALYZER_NUMBER_OBJECT_CONVERSION = YES_AGGRESSIVE;
				CLANG_CXX_LANGUAGE_STANDARD = "gnu++14";
				CLANG_CXX_LIBRARY = "libc++";
				CLANG_ENABLE_MODULES = YES;
				CLANG_ENABLE_OBJC_ARC = YES;
				CLANG_ENABLE_OBJC_WEAK = YES;
				CLANG_WARN_BLOCK_CAPTURE_AUTORELEASING = YES;
				CLANG_WARN_BOOL_CONVERSION = YES;
				CLANG_WARN_COMMA = YES;
				CLANG_WARN_CONSTANT_CONVERSION = YES;
				CLANG_WARN_DEPRECATED_OBJC_IMPLEMENTATIONS = YES;
				CLANG_WARN_DIRECT_OBJC_ISA_USAGE = YES_ERROR;
				CLANG_WARN_DOCUMENTATION_COMMENTS = YES;
				CLANG_WARN_EMPTY_BODY = YES;
				CLANG_WARN_ENUM_CONVERSION = YES;
				CLANG_WARN_INFINITE_RECURSION = YES;
				CLANG_WARN_INT_CONVERSION = YES;
				CLANG_WARN_NON_LITERAL_NULL_CONVERSION = YES;
				CLANG_WARN_OBJC_IMPLICIT_RETAIN_SELF = YES;
				CLANG_WARN_OBJC_LITERAL_CONVERSION = YES;
				CLANG_WARN_OBJC_ROOT_CLASS = YES_ERROR;
				CLANG_WARN_QUOTED_INCLUDE_IN_FRAMEWORK_HEADER = YES;
				CLANG_WARN_RANGE_LOOP_ANALYSIS = YES;
				CLANG_WARN_STRICT_PROTOTYPES = YES;
				CLANG_WARN_SUSPICIOUS_MOVE = YES;
				CLANG_WARN_UNGUARDED_AVAILABILITY = YES_AGGRESSIVE;
				CLANG_WARN_UNREACHABLE_CODE = YES;
				CLANG_WARN__DUPLICATE_METHOD_MATCH = YES;
				COPY_PHASE_STRIP = NO;
				DEBUG_INFORMATION_FORMAT = "dwarf-with-dsym";
				ENABLE_NS_ASSERTIONS = NO;
				ENABLE_STRICT_OBJC_MSGSEND = YES;
				GCC_C_LANGUAGE_STANDARD = gnu11;
				GCC_NO_COMMON_BLOCKS = YES;
				GCC_WARN_64_TO_32_BIT_CONVERSION = YES;
				GCC_WARN_ABOUT_RETURN_TYPE = YES_ERROR;
				GCC_WARN_UNDECLARED_SELECTOR = YES;
				GCC_WARN_UNINITIALIZED_AUTOS = YES_AGGRESSIVE;
				GCC_WARN_UNUSED_FUNCTION = YES;
				GCC_WARN_UNUSED_VARIABLE = YES;
				IPHONEOS_DEPLOYMENT_TARGET = 14.0;
				MTL_ENABLE_DEBUG_INFO = NO;
				MTL_FAST_MATH = YES;
				SDKROOT = iphoneos;
				SWIFT_COMPILATION_MODE = wholemodule;
				SWIFT_OPTIMIZATION_LEVEL = "-O";
				VALIDATE_PRODUCT = YES;
			};
			name = Release;
		};
		4892F1FF2536D888002581FB /* Debug */ = {
			isa = XCBuildConfiguration;
			baseConfigurationReference = AA995068EC98031FA7A61C6E /* Pods-Interview Houding & Gedrag.debug.xcconfig */;
			buildSettings = {
				ASSETCATALOG_COMPILER_APPICON_NAME = AppIcon;
				ASSETCATALOG_COMPILER_GLOBAL_ACCENT_COLOR_NAME = AccentColor;
				CODE_SIGN_STYLE = Automatic;
				DEVELOPMENT_TEAM = 56T2D8LRS7;
				INFOPLIST_FILE = "Interview Houding & Gedrag/Info.plist";
				LD_RUNPATH_SEARCH_PATHS = (
					"$(inherited)",
					"@executable_path/Frameworks",
				);
				PRODUCT_BUNDLE_IDENTIFIER = "DNA.Interview-Houding---Gedrag";
				PRODUCT_NAME = "$(TARGET_NAME)";
				SWIFT_VERSION = 5.0;
				TARGETED_DEVICE_FAMILY = "1,2";
			};
			name = Debug;
		};
		4892F2002536D888002581FB /* Release */ = {
			isa = XCBuildConfiguration;
			baseConfigurationReference = 2938D406EC4AD92A9F1020FF /* Pods-Interview Houding & Gedrag.release.xcconfig */;
			buildSettings = {
				ASSETCATALOG_COMPILER_APPICON_NAME = AppIcon;
				ASSETCATALOG_COMPILER_GLOBAL_ACCENT_COLOR_NAME = AccentColor;
				CODE_SIGN_STYLE = Automatic;
				DEVELOPMENT_TEAM = 56T2D8LRS7;
				INFOPLIST_FILE = "Interview Houding & Gedrag/Info.plist";
				LD_RUNPATH_SEARCH_PATHS = (
					"$(inherited)",
					"@executable_path/Frameworks",
				);
				PRODUCT_BUNDLE_IDENTIFIER = "DNA.Interview-Houding---Gedrag";
				PRODUCT_NAME = "$(TARGET_NAME)";
				SWIFT_VERSION = 5.0;
				TARGETED_DEVICE_FAMILY = "1,2";
			};
			name = Release;
		};
		4892F2022536D888002581FB /* Debug */ = {
			isa = XCBuildConfiguration;
			baseConfigurationReference = DAAF9901CB0B4B542FB4AB9A /* Pods-Interview Houding & GedragTests.debug.xcconfig */;
			buildSettings = {
				ALWAYS_EMBED_SWIFT_STANDARD_LIBRARIES = YES;
				BUNDLE_LOADER = "$(TEST_HOST)";
				CODE_SIGN_STYLE = Automatic;
				DEVELOPMENT_TEAM = 56T2D8LRS7;
				INFOPLIST_FILE = "Interview Houding & GedragTests/Info.plist";
				IPHONEOS_DEPLOYMENT_TARGET = 14.0;
				LD_RUNPATH_SEARCH_PATHS = (
					"$(inherited)",
					"@executable_path/Frameworks",
					"@loader_path/Frameworks",
				);
				PRODUCT_BUNDLE_IDENTIFIER = "DNA.Interview-Houding---GedragTests";
				PRODUCT_NAME = "$(TARGET_NAME)";
				SWIFT_VERSION = 5.0;
				TARGETED_DEVICE_FAMILY = "1,2";
				TEST_HOST = "$(BUILT_PRODUCTS_DIR)/Interview Houding & Gedrag.app/Interview Houding & Gedrag";
			};
			name = Debug;
		};
		4892F2032536D888002581FB /* Release */ = {
			isa = XCBuildConfiguration;
			baseConfigurationReference = 0BB4CE9D4B9C248D7772D2CE /* Pods-Interview Houding & GedragTests.release.xcconfig */;
			buildSettings = {
				ALWAYS_EMBED_SWIFT_STANDARD_LIBRARIES = YES;
				BUNDLE_LOADER = "$(TEST_HOST)";
				CODE_SIGN_STYLE = Automatic;
				DEVELOPMENT_TEAM = 56T2D8LRS7;
				INFOPLIST_FILE = "Interview Houding & GedragTests/Info.plist";
				IPHONEOS_DEPLOYMENT_TARGET = 14.0;
				LD_RUNPATH_SEARCH_PATHS = (
					"$(inherited)",
					"@executable_path/Frameworks",
					"@loader_path/Frameworks",
				);
				PRODUCT_BUNDLE_IDENTIFIER = "DNA.Interview-Houding---GedragTests";
				PRODUCT_NAME = "$(TARGET_NAME)";
				SWIFT_VERSION = 5.0;
				TARGETED_DEVICE_FAMILY = "1,2";
				TEST_HOST = "$(BUILT_PRODUCTS_DIR)/Interview Houding & Gedrag.app/Interview Houding & Gedrag";
			};
			name = Release;
		};
		4892F2052536D888002581FB /* Debug */ = {
			isa = XCBuildConfiguration;
			baseConfigurationReference = E27CC1430DA0204F5215ABB0 /* Pods-Interview Houding & Gedrag-Interview Houding & GedragUITests.debug.xcconfig */;
			buildSettings = {
				ALWAYS_EMBED_SWIFT_STANDARD_LIBRARIES = YES;
				CODE_SIGN_STYLE = Automatic;
				DEVELOPMENT_TEAM = 56T2D8LRS7;
				INFOPLIST_FILE = "Interview Houding & GedragUITests/Info.plist";
				LD_RUNPATH_SEARCH_PATHS = (
					"$(inherited)",
					"@executable_path/Frameworks",
					"@loader_path/Frameworks",
				);
				PRODUCT_BUNDLE_IDENTIFIER = "DNA.Interview-Houding---GedragUITests";
				PRODUCT_NAME = "$(TARGET_NAME)";
				SWIFT_VERSION = 5.0;
				TARGETED_DEVICE_FAMILY = "1,2";
				TEST_TARGET_NAME = "Interview Houding & Gedrag";
			};
			name = Debug;
		};
		4892F2062536D888002581FB /* Release */ = {
			isa = XCBuildConfiguration;
			baseConfigurationReference = 6DB9C51258B79A8F5731D5E3 /* Pods-Interview Houding & Gedrag-Interview Houding & GedragUITests.release.xcconfig */;
			buildSettings = {
				ALWAYS_EMBED_SWIFT_STANDARD_LIBRARIES = YES;
				CODE_SIGN_STYLE = Automatic;
				DEVELOPMENT_TEAM = 56T2D8LRS7;
				INFOPLIST_FILE = "Interview Houding & GedragUITests/Info.plist";
				LD_RUNPATH_SEARCH_PATHS = (
					"$(inherited)",
					"@executable_path/Frameworks",
					"@loader_path/Frameworks",
				);
				PRODUCT_BUNDLE_IDENTIFIER = "DNA.Interview-Houding---GedragUITests";
				PRODUCT_NAME = "$(TARGET_NAME)";
				SWIFT_VERSION = 5.0;
				TARGETED_DEVICE_FAMILY = "1,2";
				TEST_TARGET_NAME = "Interview Houding & Gedrag";
			};
			name = Release;
		};
/* End XCBuildConfiguration section */

/* Begin XCConfigurationList section */
		4892F1CF2536D886002581FB /* Build configuration list for PBXProject "Interview Houding & Gedrag" */ = {
			isa = XCConfigurationList;
			buildConfigurations = (
				4892F1FC2536D888002581FB /* Debug */,
				4892F1FD2536D888002581FB /* Release */,
			);
			defaultConfigurationIsVisible = 0;
			defaultConfigurationName = Release;
		};
		4892F1FE2536D888002581FB /* Build configuration list for PBXNativeTarget "Interview Houding & Gedrag" */ = {
			isa = XCConfigurationList;
			buildConfigurations = (
				4892F1FF2536D888002581FB /* Debug */,
				4892F2002536D888002581FB /* Release */,
			);
			defaultConfigurationIsVisible = 0;
			defaultConfigurationName = Release;
		};
		4892F2012536D888002581FB /* Build configuration list for PBXNativeTarget "Interview Houding & GedragTests" */ = {
			isa = XCConfigurationList;
			buildConfigurations = (
				4892F2022536D888002581FB /* Debug */,
				4892F2032536D888002581FB /* Release */,
			);
			defaultConfigurationIsVisible = 0;
			defaultConfigurationName = Release;
		};
		4892F2042536D888002581FB /* Build configuration list for PBXNativeTarget "Interview Houding & GedragUITests" */ = {
			isa = XCConfigurationList;
			buildConfigurations = (
				4892F2052536D888002581FB /* Debug */,
				4892F2062536D888002581FB /* Release */,
			);
			defaultConfigurationIsVisible = 0;
			defaultConfigurationName = Release;
		};
/* End XCConfigurationList section */
	};
	rootObject = 4892F1CC2536D886002581FB /* Project object */;
}
